{
  "name": "ProjectTracker",
  "lockfileVersion": 3,
  "requires": true,
  "packages": {
    "": {
      "dependencies": {
        "@mimo-ai/mimocode-windows-x64": "^0.1.6"
      }
    },
    "node_modules/@mimo-ai/mimocode-windows-x64": {
      "version": "0.1.6",
      "resolved": "https://registry.npmmirror.com/@mimo-ai/mimocode-windows-x64/-/mimocode-windows-x64-0.1.6.tgz",
      "integrity": "sha512-k+ThnQyDlO75ArWd1iIYnb8SLlukfFOvjuPJYvj9b1gea6SM0dKN01H1yodtKx4A0GnCENJdBDU1jck/zrfMbA==",
      "cpu": [
        "x64"
      ],
      "license": "MIT",
      "os": [
        "win32"
      ]
    }
  }
}
